
Microsoft Visual Studio Solution File, Format Version 12.00
# Visual Studio Version 16
VisualStudioVersion = 16.0.30413.136
MinimumVisualStudioVersion = 10.0.40219.1
Project("{FAE04EC0-301F-11D3-BF4B-00C04F79EFBC}") = "Figuras", "Figuras\Figuras.csproj", "{BD230011-7F86-40BB-9C3C-F182739FC6D4}"
EndProject
Global
	GlobalSection(SolutionConfigurationPlatforms) = preSolution
		Debug|Any CPU = Debug|Any CPU
		Release|Any CPU = Release|Any CPU
	EndGlobalSection
	GlobalSection(ProjectConfigurationPlatforms) = postSolution
		{BD230011-7F86-40BB-9C3C-F182739FC6D4}.Debug|Any CPU.ActiveCfg = Debug|Any CPU
		{BD230011-7F86-40BB-9C3C-F182739FC6D4}.Debug|Any CPU.Build.0 = Debug|Any CPU
		{BD230011-7F86-40BB-9C3C-F182739FC6D4}.Release|Any CPU.ActiveCfg = Release|Any CPU
		{BD230011-7F86-40BB-9C3C-F182739FC6D4}.Release|Any CPU.Build.0 = Release|Any CPU
	EndGlobalSection
	GlobalSection(SolutionProperties) = preSolution
		HideSolutionNode = FALSE
	EndGlobalSection
	GlobalSection(ExtensibilityGlobals) = postSolution
		SolutionGuid = {3DDCA4E3-194F-4D7F-A705-96F9FFEC0CE2}
	EndGlobalSection
EndGlobal
